
Microsoft Visual Studio Solution File, Format Version 12.00
# Visual Studio Version 18
VisualStudioVersion = 18.3.11312.210 d18.3
MinimumVisualStudioVersion = 10.0.40219.1
Project("{2150E333-8FDC-42A3-9474-1A3956D46DE8}") = "src", "src", "{827E0CD3-B72D-47B6-A68D-7590B98EB39B}"
EndProject
Project("{FAE04EC0-301F-11D3-BF4B-00C04F79EFBC}") = "TravelTracker", "src\TravelTracker\TravelTracker.csproj", "{002D2090-2CF8-4A1D-997E-A2564587E8D2}"
EndProject
Project("{FAE04EC0-301F-11D3-BF4B-00C04F79EFBC}") = "TravelTracker.Data", "src\TravelTracker.Data\TravelTracker.Data.csproj", "{8C1C0F9F-C327-4CC4-8218-A4175692BDC2}"
EndProject
Project("{FAE04EC0-301F-11D3-BF4B-00C04F79EFBC}") = "TravelTracker.Services", "src\TravelTracker.Services\TravelTracker.Services.csproj", "{B86D1761-F645-47C7-AD57-20D59D45F159}"
EndProject
Project("{2150E333-8FDC-42A3-9474-1A3956D46DE8}") = "tests", "tests", "{0AB3BF05-4346-4AA6-1389-037BE0695223}"
EndProject
Project("{FAE04EC0-301F-11D3-BF4B-00C04F79EFBC}") = "TravelTracker.Tests", "tests\TravelTracker.Tests\TravelTracker.Tests.csproj", "{F599A6A2-BE3B-46E9-9EFE-E836B3EB5796}"
EndProject
Project("{2150E333-8FDC-42A3-9474-1A3956D46DE8}") = "Solution Items", "Solution Items", "{D7AB967F-9F51-4C63-8326-8D14B298819E}"
	ProjectSection(SolutionItems) = preProject
		Database\CreateDatabase.sql = Database\CreateDatabase.sql
		Database\DatabaseQueries.sql = Database\DatabaseQueries.sql
		Database\TravelTrackerDB-Compare-Data.dcmp = Database\TravelTrackerDB-Compare-Data.dcmp
		Database\TravelTrackerDB-Compare-Schema.scmp = Database\TravelTrackerDB-Compare-Schema.scmp
	EndProjectSection
EndProject
Global
	GlobalSection(SolutionConfigurationPlatforms) = preSolution
		Debug|Any CPU = Debug|Any CPU
		Debug|x64 = Debug|x64
		Debug|x86 = Debug|x86
		Release|Any CPU = Release|Any CPU
		Release|x64 = Release|x64
		Release|x86 = Release|x86
	EndGlobalSection
	GlobalSection(ProjectConfigurationPlatforms) = postSolution
		{002D2090-2CF8-4A1D-997E-A2564587E8D2}.Debug|Any CPU.ActiveCfg = Debug|Any CPU
		{002D2090-2CF8-4A1D-997E-A2564587E8D2}.Debug|Any CPU.Build.0 = Debug|Any CPU
		{002D2090-2CF8-4A1D-997E-A2564587E8D2}.Debug|x64.ActiveCfg = Debug|Any CPU
		{002D2090-2CF8-4A1D-997E-A2564587E8D2}.Debug|x64.Build.0 = Debug|Any CPU
		{002D2090-2CF8-4A1D-997E-A2564587E8D2}.Debug|x86.ActiveCfg = Debug|Any CPU
		{002D2090-2CF8-4A1D-997E-A2564587E8D2}.Debug|x86.Build.0 = Debug|Any CPU
		{002D2090-2CF8-4A1D-997E-A2564587E8D2}.Release|Any CPU.ActiveCfg = Release|Any CPU
		{002D2090-2CF8-4A1D-997E-A2564587E8D2}.Release|Any CPU.Build.0 = Release|Any CPU
		{002D2090-2CF8-4A1D-997E-A2564587E8D2}.Release|x64.ActiveCfg = Release|Any CPU
		{002D2090-2CF8-4A1D-997E-A2564587E8D2}.Release|x64.Build.0 = Release|Any CPU
		{002D2090-2CF8-4A1D-997E-A2564587E8D2}.Release|x86.ActiveCfg = Release|Any CPU
		{002D2090-2CF8-4A1D-997E-A2564587E8D2}.Release|x86.Build.0 = Release|Any CPU
		{8C1C0F9F-C327-4CC4-8218-A4175692BDC2}.Debug|Any CPU.ActiveCfg = Debug|Any CPU
		{8C1C0F9F-C327-4CC4-8218-A4175692BDC2}.Debug|Any CPU.Build.0 = Debug|Any CPU
		{8C1C0F9F-C327-4CC4-8218-A4175692BDC2}.Debug|x64.ActiveCfg = Debug|Any CPU
		{8C1C0F9F-C327-4CC4-8218-A4175692BDC2}.Debug|x64.Build.0 = Debug|Any CPU
		{8C1C0F9F-C327-4CC4-8218-A4175692BDC2}.Debug|x86.ActiveCfg = Debug|Any CPU
		{8C1C0F9F-C327-4CC4-8218-A4175692BDC2}.Debug|x86.Build.0 = Debug|Any CPU
		{8C1C0F9F-C327-4CC4-8218-A4175692BDC2}.Release|Any CPU.ActiveCfg = Release|Any CPU
		{8C1C0F9F-C327-4CC4-8218-A4175692BDC2}.Release|Any CPU.Build.0 = Release|Any CPU
		{8C1C0F9F-C327-4CC4-8218-A4175692BDC2}.Release|x64.ActiveCfg = Release|Any CPU
		{8C1C0F9F-C327-4CC4-8218-A4175692BDC2}.Release|x64.Build.0 = Release|Any CPU
		{8C1C0F9F-C327-4CC4-8218-A4175692BDC2}.Release|x86.ActiveCfg = Release|Any CPU
		{8C1C0F9F-C327-4CC4-8218-A4175692BDC2}.Release|x86.Build.0 = Release|Any CPU
		{B86D1761-F645-47C7-AD57-20D59D45F159}.Debug|Any CPU.ActiveCfg = Debug|Any CPU
		{B86D1761-F645-47C7-AD57-20D59D45F159}.Debug|Any CPU.Build.0 = Debug|Any CPU
		{B86D1761-F645-47C7-AD57-20D59D45F159}.Debug|x64.ActiveCfg = Debug|Any CPU
		{B86D1761-F645-47C7-AD57-20D59D45F159}.Debug|x64.Build.0 = Debug|Any CPU
		{B86D1761-F645-47C7-AD57-20D59D45F159}.Debug|x86.ActiveCfg = Debug|Any CPU
		{B86D1761-F645-47C7-AD57-20D59D45F159}.Debug|x86.Build.0 = Debug|Any CPU
		{B86D1761-F645-47C7-AD57-20D59D45F159}.Release|Any CPU.ActiveCfg = Release|Any CPU
		{B86D1761-F645-47C7-AD57-20D59D45F159}.Release|Any CPU.Build.0 = Release|Any CPU
		{B86D1761-F645-47C7-AD57-20D59D45F159}.Release|x64.ActiveCfg = Release|Any CPU
		{B86D1761-F645-47C7-AD57-20D59D45F159}.Release|x64.Build.0 = Release|Any CPU
		{B86D1761-F645-47C7-AD57-20D59D45F159}.Release|x86.ActiveCfg = Release|Any CPU
		{B86D1761-F645-47C7-AD57-20D59D45F159}.Release|x86.Build.0 = Release|Any CPU
		{F599A6A2-BE3B-46E9-9EFE-E836B3EB5796}.Debug|Any CPU.ActiveCfg = Debug|Any CPU
		{F599A6A2-BE3B-46E9-9EFE-E836B3EB5796}.Debug|Any CPU.Build.0 = Debug|Any CPU
		{F599A6A2-BE3B-46E9-9EFE-E836B3EB5796}.Debug|x64.ActiveCfg = Debug|Any CPU
		{F599A6A2-BE3B-46E9-9EFE-E836B3EB5796}.Debug|x64.Build.0 = Debug|Any CPU
		{F599A6A2-BE3B-46E9-9EFE-E836B3EB5796}.Debug|x86.ActiveCfg = Debug|Any CPU
		{F599A6A2-BE3B-46E9-9EFE-E836B3EB5796}.Debug|x86.Build.0 = Debug|Any CPU
		{F599A6A2-BE3B-46E9-9EFE-E836B3EB5796}.Release|Any CPU.ActiveCfg = Release|Any CPU
		{F599A6A2-BE3B-46E9-9EFE-E836B3EB5796}.Release|Any CPU.Build.0 = Release|Any CPU
		{F599A6A2-BE3B-46E9-9EFE-E836B3EB5796}.Release|x64.ActiveCfg = Release|Any CPU
		{F599A6A2-BE3B-46E9-9EFE-E836B3EB5796}.Release|x64.Build.0 = Release|Any CPU
		{F599A6A2-BE3B-46E9-9EFE-E836B3EB5796}.Release|x86.ActiveCfg = Release|Any CPU
		{F599A6A2-BE3B-46E9-9EFE-E836B3EB5796}.Release|x86.Build.0 = Release|Any CPU
	EndGlobalSection
	GlobalSection(SolutionProperties) = preSolution
		HideSolutionNode = FALSE
	EndGlobalSection
	GlobalSection(NestedProjects) = preSolution
		{002D2090-2CF8-4A1D-997E-A2564587E8D2} = {827E0CD3-B72D-47B6-A68D-7590B98EB39B}
		{8C1C0F9F-C327-4CC4-8218-A4175692BDC2} = {827E0CD3-B72D-47B6-A68D-7590B98EB39B}
		{B86D1761-F645-47C7-AD57-20D59D45F159} = {827E0CD3-B72D-47B6-A68D-7590B98EB39B}
		{F599A6A2-BE3B-46E9-9EFE-E836B3EB5796} = {0AB3BF05-4346-4AA6-1389-037BE0695223}
	EndGlobalSection
	GlobalSection(ExtensibilityGlobals) = postSolution
		SolutionGuid = {A82ECCC5-0405-4F14-A707-674611AB7500}
	EndGlobalSection
EndGlobal
